name: "Update conda lock files"

on:
  schedule:
    - cron: "37 5 * * 1"
  workflow_dispatch:

permissions:
  pull-requests: write
  contents: write

jobs:
  update-conda-lock-files:
    runs-on: ubuntu-latest
    steps:
      - name: Checkout code
        uses: actions/checkout@11bd71901bbe5b1630ceea73d27597364c9af683

      - name: Setup python
        uses: actions/setup-python@42375524e23c412d93fb67b49958b491fce71c38
        with:
          python-version: "3.11"

      - name: Install dependencies
        run: python3 -m pip install conda-lock

      - name: Update conda
        run: conda update --name base --channel conda-forge --quiet --all --yes

      - name: Setup git user and branch
        run: |
          git config --local user.name "github-actions[bot]"
          git config --local user.email "github-actions[bot]@users.noreply.github.com"
          git switch -c "conda-lock-$(date +%s)"

      - name: Update CSET developer and workflow lock files
        run: |
          py_vers="3.10 3.11 3.12 3.13"
          for py_ver in $py_vers
          do
            # Developer lock files.
            cp "requirements/environment.yml" "${{ runner.temp }}/${py_ver}_dev_environment.yml"
            echo -e "\n  - python = $py_ver" >> "${{ runner.temp }}/${py_ver}_dev_environment.yml"
            conda-lock --channel conda-forge --kind explicit --file "${{ runner.temp }}/${py_ver}_dev_environment.yml" --platform linux-64 --filename-template "requirements/locks/py$(echo $py_ver | sed 's/\.//')-lock-linux-64.txt"

            # Workflow lock files.
            cp "cset-workflow/requirements/workflow-environment.yml" "${{ runner.temp }}/${py_ver}_workflow_environment.yml"
            echo -e "\n  - python = $py_ver" >> "${{ runner.temp }}/${py_ver}_workflow_environment.yml"
            conda-lock --channel conda-forge --kind explicit --file "${{ runner.temp }}/${py_ver}_workflow_environment.yml" --platform linux-64 --filename-template "cset-workflow/requirements/workflow-locks/py$(echo $py_ver | sed 's/\.//')-lock-linux-64.txt"
          done
          wait

      - name: Sort lock files to make diffs easier to review
        run: |
          shopt -s globstar
          for file in **/*locks/*.txt
          do
            cat "$file" | (sed -u 4q; sort) > sorted.txt
            mv sorted.txt "$file"
          done

      - name: Generate GitHub App Token
        uses: actions/create-github-app-token@0d564482f06ca65fa9e77e2510873638c82206f2
        id: app-token
        with:
          app-id: ${{ secrets.AUTH_APP_ID }}
          private-key: ${{ secrets.AUTH_APP_PRIVATE_KEY }}

      - name: Create pull requests
        env:
          source_ref: ${{ github.ref }}
          source_ref_type: ${{ github.ref_type }}
        run: |
          # Display any changes in the log and exit early if there are none.
          if git diff --name-status --exit-code
          then
            echo "Lock files unchanged. Skipping pull request..."
            exit 0
          fi

          # Commit changed lockfiles.
          git commit -am "[CI] Update conda lock files"

          # If running from a branch target the created PR at that branch.
          if [[ $source_ref_type = branch ]]
          then
            base_branch_name="$source_ref"
          else
            base_branch_name="main"
          fi

          # Push branch to GitHub.
          git push --set-upstream origin HEAD

          # Create PR on GitHub using GitHub REST API.
          request_body='{"title":"[CI] Update conda lock files","body":"Created automatically by GitHub Actions.","base":"'"${base_branch_name}"'","head":"'"$(git branch --show-current)"'"}'
          curl -LsS --fail-with-body \
            -X POST \
            -H "Accept: application/vnd.github+json" \
            -H "Authorization: Bearer ${{ steps.app-token.outputs.token }}" \
            -H "X-GitHub-Api-Version: 2022-11-28" \
            https://api.github.com/repos/${{ github.repository }}/pulls \
            -d "$request_body"
