# Updates the conda lock file on a weekly basis.
name: "Update conda lock file"

on:
  schedule:
    - cron: "37 5 * * 1"
  workflow_dispatch:
  # Just for testing this file.
  pull_request:

permissions:
  pull-requests: write
  contents: write

jobs:
  update-conda-lock-files:
    runs-on: ubuntu-latest
    defaults:
      run:
        shell: bash -el {0}
    steps:
      - uses: actions/checkout@v3
      - uses: actions/setup-python@v4
        with:
          python-version: "3.x"

      - name: Install dependencies
        run: python -m pip install tox

      - name: Hash existing lock files
        run: sha256sum requirements/locks/*.txt > ${{ runner.temp }}/lock_file_hashes

      - name: Update lock files
        run: |
          conda activate cset-dev
          git switch -c "conda-lock-$(sha256sum ${{ runner.temp }}/lock_file_hashes | head -c 8)"
          tox -e py38-lock,py39-lock,py310-lock,py311-lock

      - name: Create pull requests
        run: |
          if $(sha256sum --status -c ${{ runner.temp }}/lock_file_hashes); then
            echo "Lock files unchanged. Skipping pull request..."
            exit 0
          fi
          git add requirements/locks/*.txt
          git commit -m "[CI] Update conda lock files."
          git push --set-upstream origin "conda-lock-$(sha256sum ${{ runner.temp }}/lock_file_hashes | head -c 8)"
          # Create PR on GitHub using GitHub CLI.
          gh pr create --base main --title "[CI] Update conda lock files" \
          --body "Created automatically by GitHub Actions."
        env:
          GITHUB_TOKEN: ${{ secrets.GITHUB_TOKEN }}
